// !$*UTF8*$!
{
	archiveVersion = 1;
	classes = {
	};
	objectVersion = 46;
	objects = {

/* Begin PBXBuildFile section */
		C225E29718EE03D7005D75A9 /* Foundation.framework in Frameworks */ = {isa = PBXBuildFile; fileRef = C225E29618EE03D7005D75A9 /* Foundation.framework */; };
		C225E29918EE03D7005D75A9 /* CoreGraphics.framework in Frameworks */ = {isa = PBXBuildFile; fileRef = C225E29818EE03D7005D75A9 /* CoreGraphics.framework */; };
		C225E29B18EE03D7005D75A9 /* UIKit.framework in Frameworks */ = {isa = PBXBuildFile; fileRef = C225E29A18EE03D7005D75A9 /* UIKit.framework */; };
		C225E2A118EE03D7005D75A9 /* InfoPlist.strings in Resources */ = {isa = PBXBuildFile; fileRef = C225E29F18EE03D7005D75A9 /* InfoPlist.strings */; };
		C225E2A318EE03D7005D75A9 /* main.m in Sources */ = {isa = PBXBuildFile; fileRef = C225E2A218EE03D7005D75A9 /* main.m */; };
		C225E2A718EE03D7005D75A9 /* ANLAppDelegate.m in Sources */ = {isa = PBXBuildFile; fileRef = C225E2A618EE03D7005D75A9 /* ANLAppDelegate.m */; };
		C225E2A918EE03D7005D75A9 /* Images.xcassets in Resources */ = {isa = PBXBuildFile; fileRef = C225E2A818EE03D7005D75A9 /* Images.xcassets */; };
		C225E2B018EE03D7005D75A9 /* XCTest.framework in Frameworks */ = {isa = PBXBuildFile; fileRef = C225E2AF18EE03D7005D75A9 /* XCTest.framework */; };
		C225E2B118EE03D7005D75A9 /* Foundation.framework in Frameworks */ = {isa = PBXBuildFile; fileRef = C225E29618EE03D7005D75A9 /* Foundation.framework */; };
		C225E2B218EE03D7005D75A9 /* UIKit.framework in Frameworks */ = {isa = PBXBuildFile; fileRef = C225E29A18EE03D7005D75A9 /* UIKit.framework */; };
		C225E2BA18EE03D7005D75A9 /* InfoPlist.strings in Resources */ = {isa = PBXBuildFile; fileRef = C225E2B818EE03D7005D75A9 /* InfoPlist.strings */; };
		C225E2BC18EE03D7005D75A9 /* EnteringMatrixTests.m in Sources */ = {isa = PBXBuildFile; fileRef = C225E2BB18EE03D7005D75A9 /* EnteringMatrixTests.m */; };
		C225E2C718EE0441005D75A9 /* ANLMatrixViewController.m in Sources */ = {isa = PBXBuildFile; fileRef = C225E2C618EE0441005D75A9 /* ANLMatrixViewController.m */; };
		C225E2CA18EE0F72005D75A9 /* ANLPillButton.m in Sources */ = {isa = PBXBuildFile; fileRef = C225E2C918EE0F72005D75A9 /* ANLPillButton.m */; };
/* End PBXBuildFile section */

/* Begin PBXContainerItemProxy section */
		C225E2B318EE03D7005D75A9 /* PBXContainerItemProxy */ = {
			isa = PBXContainerItemProxy;
			containerPortal = C225E28B18EE03D7005D75A9 /* Project object */;
			proxyType = 1;
			remoteGlobalIDString = C225E29218EE03D7005D75A9;
			remoteInfo = EnteringMatrix;
		};
/* End PBXContainerItemProxy section */

/* Begin PBXFileReference section */
		C225E29318EE03D7005D75A9 /* EnteringMatrix.app */ = {isa = PBXFileReference; explicitFileType = wrapper.application; includeInIndex = 0; path = EnteringMatrix.app; sourceTree = BUILT_PRODUCTS_DIR; };
		C225E29618EE03D7005D75A9 /* Foundation.framework */ = {isa = PBXFileReference; lastKnownFileType = wrapper.framework; name = Foundation.framework; path = System/Library/Frameworks/Foundation.framework; sourceTree = SDKROOT; };
		C225E29818EE03D7005D75A9 /* CoreGraphics.framework */ = {isa = PBXFileReference; lastKnownFileType = wrapper.framework; name = CoreGraphics.framework; path = System/Library/Frameworks/CoreGraphics.framework; sourceTree = SDKROOT; };
		C225E29A18EE03D7005D75A9 /* UIKit.framework */ = {isa = PBXFileReference; lastKnownFileType = wrapper.framework; name = UIKit.framework; path = System/Library/Frameworks/UIKit.framework; sourceTree = SDKROOT; };
		C225E29E18EE03D7005D75A9 /* EnteringMatrix-Info.plist */ = {isa = PBXFileReference; lastKnownFileType = text.plist.xml; path = "EnteringMatrix-Info.plist"; sourceTree = "<group>"; };
		C225E2A018EE03D7005D75A9 /* en */ = {isa = PBXFileReference; lastKnownFileType = text.plist.strings; name = en; path = en.lproj/InfoPlist.strings; sourceTree = "<group>"; };
		C225E2A218EE03D7005D75A9 /* main.m */ = {isa = PBXFileReference; lastKnownFileType = sourcecode.c.objc; path = main.m; sourceTree = "<group>"; };
		C225E2A418EE03D7005D75A9 /* EnteringMatrix-Prefix.pch */ = {isa = PBXFileReference; lastKnownFileType = sourcecode.c.h; path = "EnteringMatrix-Prefix.pch"; sourceTree = "<group>"; };
		C225E2A518EE03D7005D75A9 /* ANLAppDelegate.h */ = {isa = PBXFileReference; lastKnownFileType = sourcecode.c.h; path = ANLAppDelegate.h; sourceTree = "<group>"; };
		C225E2A618EE03D7005D75A9 /* ANLAppDelegate.m */ = {isa = PBXFileReference; lastKnownFileType = sourcecode.c.objc; path = ANLAppDelegate.m; sourceTree = "<group>"; };
		C225E2A818EE03D7005D75A9 /* Images.xcassets */ = {isa = PBXFileReference; lastKnownFileType = folder.assetcatalog; path = Images.xcassets; sourceTree = "<group>"; };
		C225E2AE18EE03D7005D75A9 /* EnteringMatrixTests.xctest */ = {isa = PBXFileReference; explicitFileType = wrapper.cfbundle; includeInIndex = 0; path = EnteringMatrixTests.xctest; sourceTree = BUILT_PRODUCTS_DIR; };
		C225E2AF18EE03D7005D75A9 /* XCTest.framework */ = {isa = PBXFileReference; lastKnownFileType = wrapper.framework; name = XCTest.framework; path = Library/Frameworks/XCTest.framework; sourceTree = DEVELOPER_DIR; };
		C225E2B718EE03D7005D75A9 /* EnteringMatrixTests-Info.plist */ = {isa = PBXFileReference; lastKnownFileType = text.plist.xml; path = "EnteringMatrixTests-Info.plist"; sourceTree = "<group>"; };
		C225E2B918EE03D7005D75A9 /* en */ = {isa = PBXFileReference; lastKnownFileType = text.plist.strings; name = en; path = en.lproj/InfoPlist.strings; sourceTree = "<group>"; };
		C225E2BB18EE03D7005D75A9 /* EnteringMatrixTests.m */ = {isa = PBXFileReference; lastKnownFileType = sourcecode.c.objc; path = EnteringMatrixTests.m; sourceTree = "<group>"; };
		C225E2C518EE0441005D75A9 /* ANLMatrixViewController.h */ = {isa = PBXFileReference; fileEncoding = 4; lastKnownFileType = sourcecode.c.h; path = ANLMatrixViewController.h; sourceTree = "<group>"; };
		C225E2C618EE0441005D75A9 /* ANLMatrixViewController.m */ = {isa = PBXFileReference; fileEncoding = 4; lastKnownFileType = sourcecode.c.objc; path = ANLMatrixViewController.m; sourceTree = "<group>"; };
		C225E2C818EE0F72005D75A9 /* ANLPillButton.h */ = {isa = PBXFileReference; fileEncoding = 4; lastKnownFileType = sourcecode.c.h; path = ANLPillButton.h; sourceTree = "<group>"; };
		C225E2C918EE0F72005D75A9 /* ANLPillButton.m */ = {isa = PBXFileReference; fileEncoding = 4; lastKnownFileType = sourcecode.c.objc; path = ANLPillButton.m; sourceTree = "<group>"; };
/* End PBXFileReference section */

/* Begin PBXFrameworksBuildPhase section */
		C225E29018EE03D7005D75A9 /* Frameworks */ = {
			isa = PBXFrameworksBuildPhase;
			buildActionMask = 2147483647;
			files = (
				C225E29918EE03D7005D75A9 /* CoreGraphics.framework in Frameworks */,
				C225E29B18EE03D7005D75A9 /* UIKit.framework in Frameworks */,
				C225E29718EE03D7005D75A9 /* Foundation.framework in Frameworks */,
			);
			runOnlyForDeploymentPostprocessing = 0;
		};
		C225E2AB18EE03D7005D75A9 /* Frameworks */ = {
			isa = PBXFrameworksBuildPhase;
			buildActionMask = 2147483647;
			files = (
				C225E2B018EE03D7005D75A9 /* XCTest.framework in Frameworks */,
				C225E2B218EE03D7005D75A9 /* UIKit.framework in Frameworks */,
				C225E2B118EE03D7005D75A9 /* Foundation.framework in Frameworks */,
			);
			runOnlyForDeploymentPostprocessing = 0;
		};
/* End PBXFrameworksBuildPhase section */

/* Begin PBXGroup section */
		C225E28A18EE03D7005D75A9 = {
			isa = PBXGroup;
			children = (
				C225E29C18EE03D7005D75A9 /* EnteringMatrix */,
				C225E2B518EE03D7005D75A9 /* EnteringMatrixTests */,
				C225E29518EE03D7005D75A9 /* Frameworks */,
				C225E29418EE03D7005D75A9 /* Products */,
			);
			sourceTree = "<group>";
		};
		C225E29418EE03D7005D75A9 /* Products */ = {
			isa = PBXGroup;
			children = (
				C225E29318EE03D7005D75A9 /* EnteringMatrix.app */,
				C225E2AE18EE03D7005D75A9 /* EnteringMatrixTests.xctest */,
			);
			name = Products;
			sourceTree = "<group>";
		};
		C225E29518EE03D7005D75A9 /* Frameworks */ = {
			isa = PBXGroup;
			children = (
				C225E29618EE03D7005D75A9 /* Foundation.framework */,
				C225E29818EE03D7005D75A9 /* CoreGraphics.framework */,
				C225E29A18EE03D7005D75A9 /* UIKit.framework */,
				C225E2AF18EE03D7005D75A9 /* XCTest.framework */,
			);
			name = Frameworks;
			sourceTree = "<group>";
		};
		C225E29C18EE03D7005D75A9 /* EnteringMatrix */ = {
			isa = PBXGroup;
			children = (
				C225E2A518EE03D7005D75A9 /* ANLAppDelegate.h */,
				C225E2A618EE03D7005D75A9 /* ANLAppDelegate.m */,
				C225E2C518EE0441005D75A9 /* ANLMatrixViewController.h */,
				C225E2C618EE0441005D75A9 /* ANLMatrixViewController.m */,
				C225E2C818EE0F72005D75A9 /* ANLPillButton.h */,
				C225E2C918EE0F72005D75A9 /* ANLPillButton.m */,
				C225E2A818EE03D7005D75A9 /* Images.xcassets */,
				C225E29D18EE03D7005D75A9 /* Supporting Files */,
			);
			path = EnteringMatrix;
			sourceTree = "<group>";
		};
		C225E29D18EE03D7005D75A9 /* Supporting Files */ = {
			isa = PBXGroup;
			children = (
				C225E29E18EE03D7005D75A9 /* EnteringMatrix-Info.plist */,
				C225E29F18EE03D7005D75A9 /* InfoPlist.strings */,
				C225E2A218EE03D7005D75A9 /* main.m */,
				C225E2A418EE03D7005D75A9 /* EnteringMatrix-Prefix.pch */,
			);
			name = "Supporting Files";
			sourceTree = "<group>";
		};
		C225E2B518EE03D7005D75A9 /* EnteringMatrixTests */ = {
			isa = PBXGroup;
			children = (
				C225E2BB18EE03D7005D75A9 /* EnteringMatrixTests.m */,
				C225E2B618EE03D7005D75A9 /* Supporting Files */,
			);
			path = EnteringMatrixTests;
			sourceTree = "<group>";
		};
		C225E2B618EE03D7005D75A9 /* Supporting Files */ = {
			isa = PBXGroup;
			children = (
				C225E2B718EE03D7005D75A9 /* EnteringMatrixTests-Info.plist */,
				C225E2B818EE03D7005D75A9 /* InfoPlist.strings */,
			);
			name = "Supporting Files";
			sourceTree = "<group>";
		};
/* End PBXGroup section */

/* Begin PBXNativeTarget section */
		C225E29218EE03D7005D75A9 /* EnteringMatrix */ = {
			isa = PBXNativeTarget;
			buildConfigurationList = C225E2BF18EE03D7005D75A9 /* Build configuration list for PBXNativeTarget "EnteringMatrix" */;
			buildPhases = (
				C225E28F18EE03D7005D75A9 /* Sources */,
				C225E29018EE03D7005D75A9 /* Frameworks */,
				C225E29118EE03D7005D75A9 /* Resources */,
			);
			buildRules = (
			);
			dependencies = (
			);
			name = EnteringMatrix;
			productName = EnteringMatrix;
			productReference = C225E29318EE03D7005D75A9 /* EnteringMatrix.app */;
			productType = "com.apple.product-type.application";
		};
		C225E2AD18EE03D7005D75A9 /* EnteringMatrixTests */ = {
			isa = PBXNativeTarget;
			buildConfigurationList = C225E2C218EE03D7005D75A9 /* Build configuration list for PBXNativeTarget "EnteringMatrixTests" */;
			buildPhases = (
				C225E2AA18EE03D7005D75A9 /* Sources */,
				C225E2AB18EE03D7005D75A9 /* Frameworks */,
				C225E2AC18EE03D7005D75A9 /* Resources */,
			);
			buildRules = (
			);
			dependencies = (
				C225E2B418EE03D7005D75A9 /* PBXTargetDependency */,
			);
			name = EnteringMatrixTests;
			productName = EnteringMatrixTests;
			productReference = C225E2AE18EE03D7005D75A9 /* EnteringMatrixTests.xctest */;
			productType = "com.apple.product-type.bundle.unit-test";
		};
/* End PBXNativeTarget section */

/* Begin PBXProject section */
		C225E28B18EE03D7005D75A9 /* Project object */ = {
			isa = PBXProject;
			attributes = {
				CLASSPREFIX = ANL;
				LastUpgradeCheck = 0510;
				ORGANIZATIONNAME = "Amador Navarro Lucas";
				TargetAttributes = {
					C225E2AD18EE03D7005D75A9 = {
						TestTargetID = C225E29218EE03D7005D75A9;
					};
				};
			};
			buildConfigurationList = C225E28E18EE03D7005D75A9 /* Build configuration list for PBXProject "EnteringMatrix" */;
			compatibilityVersion = "Xcode 3.2";
			developmentRegion = English;
			hasScannedForEncodings = 0;
			knownRegions = (
				en,
			);
			mainGroup = C225E28A18EE03D7005D75A9;
			productRefGroup = C225E29418EE03D7005D75A9 /* Products */;
			projectDirPath = "";
			projectRoot = "";
			targets = (
				C225E29218EE03D7005D75A9 /* EnteringMatrix */,
				C225E2AD18EE03D7005D75A9 /* EnteringMatrixTests */,
			);
		};
/* End PBXProject section */

/* Begin PBXResourcesBuildPhase section */
		C225E29118EE03D7005D75A9 /* Resources */ = {
			isa = PBXResourcesBuildPhase;
			buildActionMask = 2147483647;
			files = (
				C225E2A118EE03D7005D75A9 /* InfoPlist.strings in Resources */,
				C225E2A918EE03D7005D75A9 /* Images.xcassets in Resources */,
			);
			runOnlyForDeploymentPostprocessing = 0;
		};
		C225E2AC18EE03D7005D75A9 /* Resources */ = {
			isa = PBXResourcesBuildPhase;
			buildActionMask = 2147483647;
			files = (
				C225E2BA18EE03D7005D75A9 /* InfoPlist.strings in Resources */,
			);
			runOnlyForDeploymentPostprocessing = 0;
		};
/* End PBXResourcesBuildPhase section */

/* Begin PBXSourcesBuildPhase section */
		C225E28F18EE03D7005D75A9 /* Sources */ = {
			isa = PBXSourcesBuildPhase;
			buildActionMask = 2147483647;
			files = (
				C225E2A718EE03D7005D75A9 /* ANLAppDelegate.m in Sources */,
				C225E2C718EE0441005D75A9 /* ANLMatrixViewController.m in Sources */,
				C225E2CA18EE0F72005D75A9 /* ANLPillButton.m in Sources */,
				C225E2A318EE03D7005D75A9 /* main.m in Sources */,
			);
			runOnlyForDeploymentPostprocessing = 0;
		};
		C225E2AA18EE03D7005D75A9 /* Sources */ = {
			isa = PBXSourcesBuildPhase;
			buildActionMask = 2147483647;
			files = (
				C225E2BC18EE03D7005D75A9 /* EnteringMatrixTests.m in Sources */,
			);
			runOnlyForDeploymentPostprocessing = 0;
		};
/* End PBXSourcesBuildPhase section */

/* Begin PBXTargetDependency section */
		C225E2B418EE03D7005D75A9 /* PBXTargetDependency */ = {
			isa = PBXTargetDependency;
			target = C225E29218EE03D7005D75A9 /* EnteringMatrix */;
			targetProxy = C225E2B318EE03D7005D75A9 /* PBXContainerItemProxy */;
		};
/* End PBXTargetDependency section */

/* Begin PBXVariantGroup section */
		C225E29F18EE03D7005D75A9 /* InfoPlist.strings */ = {
			isa = PBXVariantGroup;
			children = (
				C225E2A018EE03D7005D75A9 /* en */,
			);
			name = InfoPlist.strings;
			sourceTree = "<group>";
		};
		C225E2B818EE03D7005D75A9 /* InfoPlist.strings */ = {
			isa = PBXVariantGroup;
			children = (
				C225E2B918EE03D7005D75A9 /* en */,
			);
			name = InfoPlist.strings;
			sourceTree = "<group>";
		};
/* End PBXVariantGroup section */

/* Begin XCBuildConfiguration section */
		C225E2BD18EE03D7005D75A9 /* Debug */ = {
			isa = XCBuildConfiguration;
			buildSettings = {
				ALWAYS_SEARCH_USER_PATHS = NO;
				CLANG_CXX_LANGUAGE_STANDARD = "gnu++0x";
				CLANG_CXX_LIBRARY = "libc++";
				CLANG_ENABLE_MODULES = YES;
				CLANG_ENABLE_OBJC_ARC = YES;
				CLANG_WARN_BOOL_CONVERSION = YES;
				CLANG_WARN_CONSTANT_CONVERSION = YES;
				CLANG_WARN_DIRECT_OBJC_ISA_USAGE = YES_ERROR;
				CLANG_WARN_EMPTY_BODY = YES;
				CLANG_WARN_ENUM_CONVERSION = YES;
				CLANG_WARN_INT_CONVERSION = YES;
				CLANG_WARN_OBJC_ROOT_CLASS = YES_ERROR;
				CLANG_WARN__DUPLICATE_METHOD_MATCH = YES;
				"CODE_SIGN_IDENTITY[sdk=iphoneos*]" = "iPhone Developer";
				COPY_PHASE_STRIP = NO;
				GCC_C_LANGUAGE_STANDARD = gnu99;
				GCC_DYNAMIC_NO_PIC = NO;
				GCC_OPTIMIZATION_LEVEL = 0;
				GCC_PREPROCESSOR_DEFINITIONS = (
					"DEBUG=1",
					"$(inherited)",
				);
				GCC_SYMBOLS_PRIVATE_EXTERN = NO;
				GCC_WARN_64_TO_32_BIT_CONVERSION = YES;
				GCC_WARN_ABOUT_RETURN_TYPE = YES_ERROR;
				GCC_WARN_UNDECLARED_SELECTOR = YES;
				GCC_WARN_UNINITIALIZED_AUTOS = YES_AGGRESSIVE;
				GCC_WARN_UNUSED_FUNCTION = YES;
				GCC_WARN_UNUSED_VARIABLE = YES;
				IPHONEOS_DEPLOYMENT_TARGET = 7.1;
				ONLY_ACTIVE_ARCH = YES;
				SDKROOT = iphoneos;
			};
			name = Debug;
		};
		C225E2BE18EE03D7005D75A9 /* Release */ = {
			isa = XCBuildConfiguration;
			buildSettings = {
				ALWAYS_SEARCH_USER_PATHS = NO;
				CLANG_CXX_LANGUAGE_STANDARD = "gnu++0x";
				CLANG_CXX_LIBRARY = "libc++";
				CLANG_ENABLE_MODULES = YES;
				CLANG_ENABLE_OBJC_ARC = YES;
				CLANG_WARN_BOOL_CONVERSION = YES;
				CLANG_WARN_CONSTANT_CONVERSION = YES;
				CLANG_WARN_DIRECT_OBJC_ISA_USAGE = YES_ERROR;
				CLANG_WARN_EMPTY_BODY = YES;
				CLANG_WARN_ENUM_CONVERSION = YES;
				CLANG_WARN_INT_CONVERSION = YES;
				CLANG_WARN_OBJC_ROOT_CLASS = YES_ERROR;
				CLANG_WARN__DUPLICATE_METHOD_MATCH = YES;
				"CODE_SIGN_IDENTITY[sdk=iphoneos*]" = "iPhone Developer";
				COPY_PHASE_STRIP = YES;
				ENABLE_NS_ASSERTIONS = NO;
				GCC_C_LANGUAGE_STANDARD = gnu99;
				GCC_WARN_64_TO_32_BIT_CONVERSION = YES;
				GCC_WARN_ABOUT_RETURN_TYPE = YES_ERROR;
				GCC_WARN_UNDECLARED_SELECTOR = YES;
				GCC_WARN_UNINITIALIZED_AUTOS = YES_AGGRESSIVE;
				GCC_WARN_UNUSED_FUNCTION = YES;
				GCC_WARN_UNUSED_VARIABLE = YES;
				IPHONEOS_DEPLOYMENT_TARGET = 7.1;
				SDKROOT = iphoneos;
				VALIDATE_PRODUCT = YES;
			};
			name = Release;
		};
		C225E2C018EE03D7005D75A9 /* Debug */ = {
			isa = XCBuildConfiguration;
			buildSettings = {
				ASSETCATALOG_COMPILER_APPICON_NAME = AppIcon;
				ASSETCATALOG_COMPILER_LAUNCHIMAGE_NAME = LaunchImage;
				GCC_PRECOMPILE_PREFIX_HEADER = YES;
				GCC_PREFIX_HEADER = "EnteringMatrix/EnteringMatrix-Prefix.pch";
				INFOPLIST_FILE = "EnteringMatrix/EnteringMatrix-Info.plist";
				PRODUCT_NAME = "$(TARGET_NAME)";
				WRAPPER_EXTENSION = app;
			};
			name = Debug;
		};
		C225E2C118EE03D7005D75A9 /* Release */ = {
			isa = XCBuildConfiguration;
			buildSettings = {
				ASSETCATALOG_COMPILER_APPICON_NAME = AppIcon;
				ASSETCATALOG_COMPILER_LAUNCHIMAGE_NAME = LaunchImage;
				GCC_PRECOMPILE_PREFIX_HEADER = YES;
				GCC_PREFIX_HEADER = "EnteringMatrix/EnteringMatrix-Prefix.pch";
				INFOPLIST_FILE = "EnteringMatrix/EnteringMatrix-Info.plist";
				PRODUCT_NAME = "$(TARGET_NAME)";
				WRAPPER_EXTENSION = app;
			};
			name = Release;
		};
		C225E2C318EE03D7005D75A9 /* Debug */ = {
			isa = XCBuildConfiguration;
			buildSettings = {
				BUNDLE_LOADER = "$(BUILT_PRODUCTS_DIR)/EnteringMatrix.app/EnteringMatrix";
				FRAMEWORK_SEARCH_PATHS = (
					"$(SDKROOT)/Developer/Library/Frameworks",
					"$(inherited)",
					"$(DEVELOPER_FRAMEWORKS_DIR)",
				);
				GCC_PRECOMPILE_PREFIX_HEADER = YES;
				GCC_PREFIX_HEADER = "EnteringMatrix/EnteringMatrix-Prefix.pch";
				GCC_PREPROCESSOR_DEFINITIONS = (
					"DEBUG=1",
					"$(inherited)",
				);
				INFOPLIST_FILE = "EnteringMatrixTests/EnteringMatrixTests-Info.plist";
				PRODUCT_NAME = "$(TARGET_NAME)";
				TEST_HOST = "$(BUNDLE_LOADER)";
				WRAPPER_EXTENSION = xctest;
			};
			name = Debug;
		};
		C225E2C418EE03D7005D75A9 /* Release */ = {
			isa = XCBuildConfiguration;
			buildSettings = {
				BUNDLE_LOADER = "$(BUILT_PRODUCTS_DIR)/EnteringMatrix.app/EnteringMatrix";
				FRAMEWORK_SEARCH_PATHS = (
					"$(SDKROOT)/Developer/Library/Frameworks",
					"$(inherited)",
					"$(DEVELOPER_FRAMEWORKS_DIR)",
				);
				GCC_PRECOMPILE_PREFIX_HEADER = YES;
				GCC_PREFIX_HEADER = "EnteringMatrix/EnteringMatrix-Prefix.pch";
				INFOPLIST_FILE = "EnteringMatrixTests/EnteringMatrixTests-Info.plist";
				PRODUCT_NAME = "$(TARGET_NAME)";
				TEST_HOST = "$(BUNDLE_LOADER)";
				WRAPPER_EXTENSION = xctest;
			};
			name = Release;
		};
/* End XCBuildConfiguration section */

/* Begin XCConfigurationList section */
		C225E28E18EE03D7005D75A9 /* Build configuration list for PBXProject "EnteringMatrix" */ = {
			isa = XCConfigurationList;
			buildConfigurations = (
				C225E2BD18EE03D7005D75A9 /* Debug */,
				C225E2BE18EE03D7005D75A9 /* Release */,
			);
			defaultConfigurationIsVisible = 0;
			defaultConfigurationName = Release;
		};
		C225E2BF18EE03D7005D75A9 /* Build configuration list for PBXNativeTarget "EnteringMatrix" */ = {
			isa = XCConfigurationList;
			buildConfigurations = (
				C225E2C018EE03D7005D75A9 /* Debug */,
				C225E2C118EE03D7005D75A9 /* Release */,
			);
			defaultConfigurationIsVisible = 0;
		};
		C225E2C218EE03D7005D75A9 /* Build configuration list for PBXNativeTarget "EnteringMatrixTests" */ = {
			isa = XCConfigurationList;
			buildConfigurations = (
				C225E2C318EE03D7005D75A9 /* Debug */,
				C225E2C418EE03D7005D75A9 /* Release */,
			);
			defaultConfigurationIsVisible = 0;
		};
/* End XCConfigurationList section */
	};
	rootObject = C225E28B18EE03D7005D75A9 /* Project object */;
}
